// !$*UTF8*$!
{
	archiveVersion = 1;
	classes = {
	};
	objectVersion = 50;
	objects = {

/* Begin PBXBuildFile section */
		DE930A5E248E7F4900E07D73 /* AppDelegate.swift in Sources */ = {isa = PBXBuildFile; fileRef = DE930A5D248E7F4900E07D73 /* AppDelegate.swift */; };
		DE930A60248E7F4900E07D73 /* SceneDelegate.swift in Sources */ = {isa = PBXBuildFile; fileRef = DE930A5F248E7F4900E07D73 /* SceneDelegate.swift */; };
		DE930A62248E7F4900E07D73 /* ViewController.swift in Sources */ = {isa = PBXBuildFile; fileRef = DE930A61248E7F4900E07D73 /* ViewController.swift */; };
		DE930A65248E7F4900E07D73 /* Main.storyboard in Resources */ = {isa = PBXBuildFile; fileRef = DE930A63248E7F4900E07D73 /* Main.storyboard */; };
		DE930A67248E7F4B00E07D73 /* Assets.xcassets in Resources */ = {isa = PBXBuildFile; fileRef = DE930A66248E7F4B00E07D73 /* Assets.xcassets */; };
		DE930A6A248E7F4B00E07D73 /* LaunchScreen.storyboard in Resources */ = {isa = PBXBuildFile; fileRef = DE930A68248E7F4B00E07D73 /* LaunchScreen.storyboard */; };
/* End PBXBuildFile section */

/* Begin PBXFileReference section */
		DE930A5A248E7F4900E07D73 /* TextDectector.app */ = {isa = PBXFileReference; explicitFileType = wrapper.application; includeInIndex = 0; path = TextDectector.app; sourceTree = BUILT_PRODUCTS_DIR; };
		DE930A5D248E7F4900E07D73 /* AppDelegate.swift */ = {isa = PBXFileReference; lastKnownFileType = sourcecode.swift; path = AppDelegate.swift; sourceTree = "<group>"; };
		DE930A5F248E7F4900E07D73 /* SceneDelegate.swift */ = {isa = PBXFileReference; lastKnownFileType = sourcecode.swift; path = SceneDelegate.swift; sourceTree = "<group>"; };
		DE930A61248E7F4900E07D73 /* ViewController.swift */ = {isa = PBXFileReference; lastKnownFileType = sourcecode.swift; path = ViewController.swift; sourceTree = "<group>"; };
		DE930A64248E7F4900E07D73 /* Base */ = {isa = PBXFileReference; lastKnownFileType = file.storyboard; name = Base; path = Base.lproj/Main.storyboard; sourceTree = "<group>"; };
		DE930A66248E7F4B00E07D73 /* Assets.xcassets */ = {isa = PBXFileReference; lastKnownFileType = folder.assetcatalog; path = Assets.xcassets; sourceTree = "<group>"; };
		DE930A69248E7F4B00E07D73 /* Base */ = {isa = PBXFileReference; lastKnownFileType = file.storyboard; name = Base; path = Base.lproj/LaunchScreen.storyboard; sourceTree = "<group>"; };
		DE930A6B248E7F4B00E07D73 /* Info.plist */ = {isa = PBXFileReference; lastKnownFileType = text.plist.xml; path = Info.plist; sourceTree = "<group>"; };
/* End PBXFileReference section */

/* Begin PBXFrameworksBuildPhase section */
		DE930A57248E7F4900E07D73 /* Frameworks */ = {
			isa = PBXFrameworksBuildPhase;
			buildActionMask = 2147483647;
			files = (
			);
			runOnlyForDeploymentPostprocessing = 0;
		};
/* End PBXFrameworksBuildPhase section */

/* Begin PBXGroup section */
		DE930A51248E7F4900E07D73 = {
			isa = PBXGroup;
			children = (
				DE930A5C248E7F4900E07D73 /* TextDectector */,
				DE930A5B248E7F4900E07D73 /* Products */,
			);
			sourceTree = "<group>";
		};
		DE930A5B248E7F4900E07D73 /* Products */ = {
			isa = PBXGroup;
			children = (
				DE930A5A248E7F4900E07D73 /* TextDectector.app */,
			);
			name = Products;
			sourceTree = "<group>";
		};
		DE930A5C248E7F4900E07D73 /* TextDectector */ = {
			isa = PBXGroup;
			children = (
				DE930A5D248E7F4900E07D73 /* AppDelegate.swift */,
				DE930A5F248E7F4900E07D73 /* SceneDelegate.swift */,
				DE930A61248E7F4900E07D73 /* ViewController.swift */,
				DE930A63248E7F4900E07D73 /* Main.storyboard */,
				DE930A66248E7F4B00E07D73 /* Assets.xcassets */,
				DE930A68248E7F4B00E07D73 /* LaunchScreen.storyboard */,
				DE930A6B248E7F4B00E07D73 /* Info.plist */,
			);
			path = TextDectector;
			sourceTree = "<group>";
		};
/* End PBXGroup section */

/* Begin PBXNativeTarget section */
		DE930A59248E7F4900E07D73 /* TextDectector */ = {
			isa = PBXNativeTarget;
			buildConfigurationList = DE930A6E248E7F4B00E07D73 /* Build configuration list for PBXNativeTarget "TextDectector" */;
			buildPhases = (
				DE930A56248E7F4900E07D73 /* Sources */,
				DE930A57248E7F4900E07D73 /* Frameworks */,
				DE930A58248E7F4900E07D73 /* Resources */,
			);
			buildRules = (
			);
			dependencies = (
			);
			name = TextDectector;
			productName = TextDectector;
			productReference = DE930A5A248E7F4900E07D73 /* TextDectector.app */;
			productType = "com.apple.product-type.application";
		};
/* End PBXNativeTarget section */

/* Begin PBXProject section */
		DE930A52248E7F4900E07D73 /* Project object */ = {
			isa = PBXProject;
			attributes = {
				LastSwiftUpdateCheck = 1150;
				LastUpgradeCheck = 1150;
				ORGANIZATIONNAME = "Brian Surgenor";
				TargetAttributes = {
					DE930A59248E7F4900E07D73 = {
						CreatedOnToolsVersion = 11.5;
					};
				};
			};
			buildConfigurationList = DE930A55248E7F4900E07D73 /* Build configuration list for PBXProject "TextDectector" */;
			compatibilityVersion = "Xcode 9.3";
			developmentRegion = en;
			hasScannedForEncodings = 0;
			knownRegions = (
				en,
				Base,
			);
			mainGroup = DE930A51248E7F4900E07D73;
			productRefGroup = DE930A5B248E7F4900E07D73 /* Products */;
			projectDirPath = "";
			projectRoot = "";
			targets = (
				DE930A59248E7F4900E07D73 /* TextDectector */,
			);
		};
/* End PBXProject section */

/* Begin PBXResourcesBuildPhase section */
		DE930A58248E7F4900E07D73 /* Resources */ = {
			isa = PBXResourcesBuildPhase;
			buildActionMask = 2147483647;
			files = (
				DE930A6A248E7F4B00E07D73 /* LaunchScreen.storyboard in Resources */,
				DE930A67248E7F4B00E07D73 /* Assets.xcassets in Resources */,
				DE930A65248E7F4900E07D73 /* Main.storyboard in Resources */,
			);
			runOnlyForDeploymentPostprocessing = 0;
		};
/* End PBXResourcesBuildPhase section */

/* Begin PBXSourcesBuildPhase section */
		DE930A56248E7F4900E07D73 /* Sources */ = {
			isa = PBXSourcesBuildPhase;
			buildActionMask = 2147483647;
			files = (
				DE930A62248E7F4900E07D73 /* ViewController.swift in Sources */,
				DE930A5E248E7F4900E07D73 /* AppDelegate.swift in Sources */,
				DE930A60248E7F4900E07D73 /* SceneDelegate.swift in Sources */,
			);
			runOnlyForDeploymentPostprocessing = 0;
		};
/* End PBXSourcesBuildPhase section */

/* Begin PBXVariantGroup section */
		DE930A63248E7F4900E07D73 /* Main.storyboard */ = {
			isa = PBXVariantGroup;
			children = (
				DE930A64248E7F4900E07D73 /* Base */,
			);
			name = Main.storyboard;
			sourceTree = "<group>";
		};
		DE930A68248E7F4B00E07D73 /* LaunchScreen.storyboard */ = {
			isa = PBXVariantGroup;
			children = (
				DE930A69248E7F4B00E07D73 /* Base */,
			);
			name = LaunchScreen.storyboard;
			sourceTree = "<group>";
		};
/* End PBXVariantGroup section */

/* Begin XCBuildConfiguration section */
		DE930A6C248E7F4B00E07D73 /* Debug */ = {
			isa = XCBuildConfiguration;
			buildSettings = {
				ALWAYS_SEARCH_USER_PATHS = NO;
				CLANG_ANALYZER_NONNULL = YES;
				CLANG_ANALYZER_NUMBER_OBJECT_CONVERSION = YES_AGGRESSIVE;
				CLANG_CXX_LANGUAGE_STANDARD = "gnu++14";
				CLANG_CXX_LIBRARY = "libc++";
				CLANG_ENABLE_MODULES = YES;
				CLANG_ENABLE_OBJC_ARC = YES;
				CLANG_ENABLE_OBJC_WEAK = YES;
				CLANG_WARN_BLOCK_CAPTURE_AUTORELEASING = YES;
				CLANG_WARN_BOOL_CONVERSION = YES;
				CLANG_WARN_COMMA = YES;
				CLANG_WARN_CONSTANT_CONVERSION = YES;
				CLANG_WARN_DEPRECATED_OBJC_IMPLEMENTATIONS = YES;
				CLANG_WARN_DIRECT_OBJC_ISA_USAGE = YES_ERROR;
				CLANG_WARN_DOCUMENTATION_COMMENTS = YES;
				CLANG_WARN_EMPTY_BODY = YES;
				CLANG_WARN_ENUM_CONVERSION = YES;
				CLANG_WARN_INFINITE_RECURSION = YES;
				CLANG_WARN_INT_CONVERSION = YES;
				CLANG_WARN_NON_LITERAL_NULL_CONVERSION = YES;
				CLANG_WARN_OBJC_IMPLICIT_RETAIN_SELF = YES;
				CLANG_WARN_OBJC_LITERAL_CONVERSION = YES;
				CLANG_WARN_OBJC_ROOT_CLASS = YES_ERROR;
				CLANG_WARN_RANGE_LOOP_ANALYSIS = YES;
				CLANG_WARN_STRICT_PROTOTYPES = YES;
				CLANG_WARN_SUSPICIOUS_MOVE = YES;
				CLANG_WARN_UNGUARDED_AVAILABILITY = YES_AGGRESSIVE;
				CLANG_WARN_UNREACHABLE_CODE = YES;
				CLANG_WARN__DUPLICATE_METHOD_MATCH = YES;
				COPY_PHASE_STRIP = NO;
				DEBUG_INFORMATION_FORMAT = dwarf;
				ENABLE_STRICT_OBJC_MSGSEND = YES;
				ENABLE_TESTABILITY = YES;
				GCC_C_LANGUAGE_STANDARD = gnu11;
				GCC_DYNAMIC_NO_PIC = NO;
				GCC_NO_COMMON_BLOCKS = YES;
				GCC_OPTIMIZATION_LEVEL = 0;
				GCC_PREPROCESSOR_DEFINITIONS = (
					"DEBUG=1",
					"$(inherited)",
				);
				GCC_WARN_64_TO_32_BIT_CONVERSION = YES;
				GCC_WARN_ABOUT_RETURN_TYPE = YES_ERROR;
				GCC_WARN_UNDECLARED_SELECTOR = YES;
				GCC_WARN_UNINITIALIZED_AUTOS = YES_AGGRESSIVE;
				GCC_WARN_UNUSED_FUNCTION = YES;
				GCC_WARN_UNUSED_VARIABLE = YES;
				IPHONEOS_DEPLOYMENT_TARGET = 13.5;
				MTL_ENABLE_DEBUG_INFO = INCLUDE_SOURCE;
				MTL_FAST_MATH = YES;
				ONLY_ACTIVE_ARCH = YES;
				SDKROOT = iphoneos;
				SWIFT_ACTIVE_COMPILATION_CONDITIONS = DEBUG;
				SWIFT_OPTIMIZATION_LEVEL = "-Onone";
			};
			name = Debug;
		};
		DE930A6D248E7F4B00E07D73 /* Release */ = {
			isa = XCBuildConfiguration;
			buildSettings = {
				ALWAYS_SEARCH_USER_PATHS = NO;
				CLANG_ANALYZER_NONNULL = YES;
				CLANG_ANALYZER_NUMBER_OBJECT_CONVERSION = YES_AGGRESSIVE;
				CLANG_CXX_LANGUAGE_STANDARD = "gnu++14";
				CLANG_CXX_LIBRARY = "libc++";
				CLANG_ENABLE_MODULES = YES;
				CLANG_ENABLE_OBJC_ARC = YES;
				CLANG_ENABLE_OBJC_WEAK = YES;
				CLANG_WARN_BLOCK_CAPTURE_AUTORELEASING = YES;
				CLANG_WARN_BOOL_CONVERSION = YES;
				CLANG_WARN_COMMA = YES;
				CLANG_WARN_CONSTANT_CONVERSION = YES;
				CLANG_WARN_DEPRECATED_OBJC_IMPLEMENTATIONS = YES;
				CLANG_WARN_DIRECT_OBJC_ISA_USAGE = YES_ERROR;
				CLANG_WARN_DOCUMENTATION_COMMENTS = YES;
				CLANG_WARN_EMPTY_BODY = YES;
				CLANG_WARN_ENUM_CONVERSION = YES;
				CLANG_WARN_INFINITE_RECURSION = YES;
				CLANG_WARN_INT_CONVERSION = YES;
				CLANG_WARN_NON_LITERAL_NULL_CONVERSION = YES;
				CLANG_WARN_OBJC_IMPLICIT_RETAIN_SELF = YES;
				CLANG_WARN_OBJC_LITERAL_CONVERSION = YES;
				CLANG_WARN_OBJC_ROOT_CLASS = YES_ERROR;
				CLANG_WARN_RANGE_LOOP_ANALYSIS = YES;
				CLANG_WARN_STRICT_PROTOTYPES = YES;
				CLANG_WARN_SUSPICIOUS_MOVE = YES;
				CLANG_WARN_UNGUARDED_AVAILABILITY = YES_AGGRESSIVE;
				CLANG_WARN_UNREACHABLE_CODE = YES;
				CLANG_WARN__DUPLICATE_METHOD_MATCH = YES;
				COPY_PHASE_STRIP = NO;
				DEBUG_INFORMATION_FORMAT = "dwarf-with-dsym";
				ENABLE_NS_ASSERTIONS = NO;
				ENABLE_STRICT_OBJC_MSGSEND = YES;
				GCC_C_LANGUAGE_STANDARD = gnu11;
				GCC_NO_COMMON_BLOCKS = YES;
				GCC_WARN_64_TO_32_BIT_CONVERSION = YES;
				GCC_WARN_ABOUT_RETURN_TYPE = YES_ERROR;
				GCC_WARN_UNDECLARED_SELECTOR = YES;
				GCC_WARN_UNINITIALIZED_AUTOS = YES_AGGRESSIVE;
				GCC_WARN_UNUSED_FUNCTION = YES;
				GCC_WARN_UNUSED_VARIABLE = YES;
				IPHONEOS_DEPLOYMENT_TARGET = 13.5;
				MTL_ENABLE_DEBUG_INFO = NO;
				MTL_FAST_MATH = YES;
				SDKROOT = iphoneos;
				SWIFT_COMPILATION_MODE = wholemodule;
				SWIFT_OPTIMIZATION_LEVEL = "-O";
				VALIDATE_PRODUCT = YES;
			};
			name = Release;
		};
		DE930A6F248E7F4B00E07D73 /* Debug */ = {
			isa = XCBuildConfiguration;
			buildSettings = {
				ASSETCATALOG_COMPILER_APPICON_NAME = AppIcon;
				CODE_SIGN_STYLE = Automatic;
				DEVELOPMENT_TEAM = 8FJCR98523;
				INFOPLIST_FILE = TextDectector/Info.plist;
				LD_RUNPATH_SEARCH_PATHS = (
					"$(inherited)",
					"@executable_path/Frameworks",
				);
				PRODUCT_BUNDLE_IDENTIFIER = com.briansurgenor.TextDectector;
				PRODUCT_NAME = "$(TARGET_NAME)";
				SWIFT_VERSION = 5.0;
				TARGETED_DEVICE_FAMILY = "1,2";
			};
			name = Debug;
		};
		DE930A70248E7F4B00E07D73 /* Release */ = {
			isa = XCBuildConfiguration;
			buildSettings = {
				ASSETCATALOG_COMPILER_APPICON_NAME = AppIcon;
				CODE_SIGN_STYLE = Automatic;
				DEVELOPMENT_TEAM = 8FJCR98523;
				INFOPLIST_FILE = TextDectector/Info.plist;
				LD_RUNPATH_SEARCH_PATHS = (
					"$(inherited)",
					"@executable_path/Frameworks",
				);
				PRODUCT_BUNDLE_IDENTIFIER = com.briansurgenor.TextDectector;
				PRODUCT_NAME = "$(TARGET_NAME)";
				SWIFT_VERSION = 5.0;
				TARGETED_DEVICE_FAMILY = "1,2";
			};
			name = Release;
		};
/* End XCBuildConfiguration section */

/* Begin XCConfigurationList section */
		DE930A55248E7F4900E07D73 /* Build configuration list for PBXProject "TextDectector" */ = {
			isa = XCConfigurationList;
			buildConfigurations = (
				DE930A6C248E7F4B00E07D73 /* Debug */,
				DE930A6D248E7F4B00E07D73 /* Release */,
			);
			defaultConfigurationIsVisible = 0;
			defaultConfigurationName = Release;
		};
		DE930A6E248E7F4B00E07D73 /* Build configuration list for PBXNativeTarget "TextDectector" */ = {
			isa = XCConfigurationList;
			buildConfigurations = (
				DE930A6F248E7F4B00E07D73 /* Debug */,
				DE930A70248E7F4B00E07D73 /* Release */,
			);
			defaultConfigurationIsVisible = 0;
			defaultConfigurationName = Release;
		};
/* End XCConfigurationList section */
	};
	rootObject = DE930A52248E7F4900E07D73 /* Project object */;
}
